
Microsoft Visual Studio Solution File, Format Version 12.00
# Visual Studio Version 16
VisualStudioVersion = 16.0.34301.259
MinimumVisualStudioVersion = 10.0.40219.1
Project("{FAE04EC0-301F-11D3-BF4B-00C04F79EFBC}") = "ELibraryManagement", "ELibraryManagement.csproj", "{E684B7D0-702E-4F18-8E4C-766DAEC9D6EA}"
EndProject
Global
	GlobalSection(SolutionConfigurationPlatforms) = preSolution
		Debug|Any CPU = Debug|Any CPU
		Release|Any CPU = Release|Any CPU
	EndGlobalSection
	GlobalSection(ProjectConfigurationPlatforms) = postSolution
		{E684B7D0-702E-4F18-8E4C-766DAEC9D6EA}.Debug|Any CPU.ActiveCfg = Release|Any CPU
		{E684B7D0-702E-4F18-8E4C-766DAEC9D6EA}.Debug|Any CPU.Build.0 = Release|Any CPU
		{E684B7D0-702E-4F18-8E4C-766DAEC9D6EA}.Release|Any CPU.ActiveCfg = Release|Any CPU
		{E684B7D0-702E-4F18-8E4C-766DAEC9D6EA}.Release|Any CPU.Build.0 = Release|Any CPU
	EndGlobalSection
	GlobalSection(SolutionProperties) = preSolution
		HideSolutionNode = FALSE
	EndGlobalSection
	GlobalSection(ExtensibilityGlobals) = postSolution
		SolutionGuid = {D7DCA63F-CD16-449B-8914-8D860479060C}
	EndGlobalSection
EndGlobal
